
Microsoft Visual Studio Solution File, Format Version 12.00
# Visual Studio Version 17
VisualStudioVersion = 17.4.33103.184
MinimumVisualStudioVersion = 10.0.40219.1
Project("{9A19103F-16F7-4668-BE54-9A1E7A4F7556}") = "DotEukali.QthCalculator", "DotEukali.QthCalculator\DotEukali.QthCalculator.csproj", "{57198326-52C9-42DF-AFDF-E3F5AAABD8D7}"
EndProject
Project("{9A19103F-16F7-4668-BE54-9A1E7A4F7556}") = "DotEukali.QthCalculator.Tests", "DotEukali.QthCalculator.Tests\DotEukali.QthCalculator.Tests.csproj", "{7B7373A6-0310-4FC7-9AD2-0F8C31AF8DC2}"
EndProject
Project("{2150E333-8FDC-42A3-9474-1A3956D46DE8}") = "Solution Items", "Solution Items", "{2A4B4370-3FDD-40D8-8D06-5B8782E0468F}"
	ProjectSection(SolutionItems) = preProject
		..\README.md = ..\README.md
	EndProjectSection
EndProject
Global
	GlobalSection(SolutionConfigurationPlatforms) = preSolution
		Debug|Any CPU = Debug|Any CPU
		Release|Any CPU = Release|Any CPU
	EndGlobalSection
	GlobalSection(ProjectConfigurationPlatforms) = postSolution
		{57198326-52C9-42DF-AFDF-E3F5AAABD8D7}.Debug|Any CPU.ActiveCfg = Debug|Any CPU
		{57198326-52C9-42DF-AFDF-E3F5AAABD8D7}.Debug|Any CPU.Build.0 = Debug|Any CPU
		{57198326-52C9-42DF-AFDF-E3F5AAABD8D7}.Release|Any CPU.ActiveCfg = Release|Any CPU
		{57198326-52C9-42DF-AFDF-E3F5AAABD8D7}.Release|Any CPU.Build.0 = Release|Any CPU
		{7B7373A6-0310-4FC7-9AD2-0F8C31AF8DC2}.Debug|Any CPU.ActiveCfg = Debug|Any CPU
		{7B7373A6-0310-4FC7-9AD2-0F8C31AF8DC2}.Debug|Any CPU.Build.0 = Debug|Any CPU
		{7B7373A6-0310-4FC7-9AD2-0F8C31AF8DC2}.Release|Any CPU.ActiveCfg = Release|Any CPU
		{7B7373A6-0310-4FC7-9AD2-0F8C31AF8DC2}.Release|Any CPU.Build.0 = Release|Any CPU
	EndGlobalSection
	GlobalSection(SolutionProperties) = preSolution
		HideSolutionNode = FALSE
	EndGlobalSection
	GlobalSection(ExtensibilityGlobals) = postSolution
		SolutionGuid = {8A2A18E9-63B9-4947-92A4-1C448A9BB150}
	EndGlobalSection
EndGlobal
